<?xml version="1.0" encoding="utf-8"?>
<Project ToolsVersion="4.0" xmlns="http://schemas.microsoft.com/developer/msbuild/2003">
  <ItemGroup>
    <Filter Include="Source Files">
      <UniqueIdentifier>{4FC737F1-C7A5-4376-A066-2A32D752A2FF}</UniqueIdentifier>
      <Extensions>cpp;c;cc;cxx;def;odl;idl;hpj;bat;asm;asmx</Extensions>
    </Filter>
    <Filter Include="Header Files">
      <UniqueIdentifier>{93995380-89BD-4b04-88EB-625FBE52EBFB}</UniqueIdentifier>
      <Extensions>h;hh;hpp;hxx;hm;inl;inc;xsd</Extensions>
    </Filter>
    <Filter Include="Resource Files">
      <UniqueIdentifier>{67DA6AB6-F800-4c08-8B7A-83BB121AAD01}</UniqueIdentifier>
      <Extensions>rc;ico;cur;bmp;dlg;rc2;rct;bin;rgs;gif;jpg;jpeg;jpe;resx;tiff;tif;png;wav;mfcribbon-ms</Extensions>
    </Filter>
    <Filter Include="Shaders">
      <UniqueIdentifier>{8b6c92a8-f65d-451e-80e3-d65773602b92}</UniqueIdentifier>
    </Filter>
    <Filter Include="Header Files\World Side">
      <UniqueIdentifier>{eb0857fe-ad2a-4285-a2c8-46ccc7228ac4}</UniqueIdentifier>
    </Filter>
    <Filter Include="Source Files\WorldSide">
      <UniqueIdentifier>{c070a0e4-2b0b-4fa2-8030-e5d7c123d42f}</UniqueIdentifier>
    </Filter>
    <Filter Include="Source Files\ChiliFramework">
      <UniqueIdentifier>{72f8aa84-daf6-4514-870c-0841009ab3af}</UniqueIdentifier>
    </Filter>
    <Filter Include="Source Files\VillarMath">
      <UniqueIdentifier>{9025e50d-8c25-4f8f-93d6-a4030a246cd1}</UniqueIdentifier>
    </Filter>
    <Filter Include="Header Files\VillarMath">
      <UniqueIdentifier>{bd916ec2-dca2-4ab9-9765-dd1cfa0baa72}</UniqueIdentifier>
    </Filter>
    <Filter Include="Header Files\ChiliFramework">
      <UniqueIdentifier>{d9144e22-8228-4939-9f7e-46fb58038cae}</UniqueIdentifier>
    </Filter>
    <Filter Include="About the Project">
      <UniqueIdentifier>{243ead6b-708f-426e-a264-9c174eeb81d0}</UniqueIdentifier>
    </Filter>
    <Filter Include="Header Files\VisualSide">
      <UniqueIdentifier>{3561251a-b0de-44d8-9651-27cfcc118787}</UniqueIdentifier>
    </Filter>
    <Filter Include="About the Project\ThoughsAbout">
      <UniqueIdentifier>{e73a7290-588f-4c83-82ef-58a5b0fce4de}</UniqueIdentifier>
    </Filter>
    <Filter Include="Source Files\FileManagement">
      <UniqueIdentifier>{142e343e-b9bb-482e-b0b3-abce2410d4bc}</UniqueIdentifier>
    </Filter>
    <Filter Include="Header Files\font">
      <UniqueIdentifier>{c112585f-243d-480e-aec2-b817a65096b0}</UniqueIdentifier>
    </Filter>
    <Filter Include="Header Files\Motion">
      <UniqueIdentifier>{eb811eaf-45f8-4828-851a-88504e88b477}</UniqueIdentifier>
    </Filter>
    <Filter Include="Header Files\FileAndMemoryManagement">
      <UniqueIdentifier>{91c708c3-876c-4345-9bbc-4442b5c3c626}</UniqueIdentifier>
    </Filter>
    <Filter Include="Source Files\Visuals">
      <UniqueIdentifier>{69758550-a12e-4735-af57-c14ab00dff65}</UniqueIdentifier>
    </Filter>
  </ItemGroup>
  <ItemGroup>
    <ClInclude Include="AI.h">
      <Filter>Header Files\World Side</Filter>
    </ClInclude>
    <ClInclude Include="CombatSystem.h">
      <Filter>Header Files\World Side</Filter>
    </ClInclude>
    <ClInclude Include="Command.h">
      <Filter>Header Files\World Side</Filter>
    </ClInclude>
    <ClInclude Include="Control.h">
      <Filter>Header Files\World Side</Filter>
    </ClInclude>
    <ClInclude Include="Effect.h">
      <Filter>Header Files\World Side</Filter>
    </ClInclude>
    <ClInclude Include="PhysicSystem.h">
      <Filter>Header Files\World Side</Filter>
    </ClInclude>
    <ClInclude Include="Transformation.h">
      <Filter>Header Files\World Side</Filter>
    </ClInclude>
    <ClInclude Include="Unit.h">
      <Filter>Header Files\World Side</Filter>
    </ClInclude>
    <ClInclude Include="World.h">
      <Filter>Header Files\World Side</Filter>
    </ClInclude>
    <ClInclude Include="UnitToBodyAttachment.h">
      <Filter>Header Files\World Side</Filter>
    </ClInclude>
    <ClInclude Include="RigidBody.h">
      <Filter>Header Files\World Side</Filter>
    </ClInclude>
    <ClInclude Include="Function.h">
      <Filter>Header Files\World Side</Filter>
    </ClInclude>
    <ClInclude Include="Form.h">
      <Filter>Header Files\World Side</Filter>
    </ClInclude>
    <ClInclude Include="Material.h">
      <Filter>Header Files\World Side</Filter>
    </ClInclude>
    <ClInclude Include="ChiliException.h">
      <Filter>Header Files\ChiliFramework</Filter>
    </ClInclude>
    <ClInclude Include="ChiliWin.h">
      <Filter>Header Files\ChiliFramework</Filter>
    </ClInclude>
    <ClInclude Include="Colors.h">
      <Filter>Header Files\ChiliFramework</Filter>
    </ClInclude>
    <ClInclude Include="COMInitializer.h">
      <Filter>Header Files\ChiliFramework</Filter>
    </ClInclude>
    <ClInclude Include="DXErr.h">
      <Filter>Header Files\ChiliFramework</Filter>
    </ClInclude>
    <ClInclude Include="FrameTimer.h">
      <Filter>Header Files\ChiliFramework</Filter>
    </ClInclude>
    <ClInclude Include="Game.h">
      <Filter>Header Files\ChiliFramework</Filter>
    </ClInclude>
    <ClInclude Include="Graphics.h">
      <Filter>Header Files\ChiliFramework</Filter>
    </ClInclude>
    <ClInclude Include="Keyboard.h">
      <Filter>Header Files\ChiliFramework</Filter>
    </ClInclude>
    <ClInclude Include="List.h">
      <Filter>Header Files\ChiliFramework</Filter>
    </ClInclude>
    <ClInclude Include="MainWindow.h">
      <Filter>Header Files\ChiliFramework</Filter>
    </ClInclude>
    <ClInclude Include="Mouse.h">
      <Filter>Header Files\ChiliFramework</Filter>
    </ClInclude>
    <ClInclude Include="RectI.h">
      <Filter>Header Files\ChiliFramework</Filter>
    </ClInclude>
    <ClInclude Include="Resource.h">
      <Filter>Header Files\ChiliFramework</Filter>
    </ClInclude>
    <ClInclude Include="VMath.h">
      <Filter>Header Files\VillarMath</Filter>
    </ClInclude>
    <ClInclude Include="Vec2.h">
      <Filter>Header Files\VillarMath</Filter>
    </ClInclude>
    <ClInclude Include="Vei2.h">
      <Filter>Header Files\VillarMath</Filter>
    </ClInclude>
    <ClInclude Include="UIElement.h">
      <Filter>Header Files\VisualSide</Filter>
    </ClInclude>
    <ClInclude Include="DrawSystem.h">
      <Filter>Header Files\VisualSide</Filter>
    </ClInclude>
    <ClInclude Include="Camera.h">
      <Filter>Header Files\World Side</Filter>
    </ClInclude>
    <ClInclude Include="FileStream.h">
      <Filter>Header Files\FileAndMemoryManagement</Filter>
    </ClInclude>
    <ClInclude Include="VillarList.h">
      <Filter>Header Files\FileAndMemoryManagement</Filter>
    </ClInclude>
    <ClInclude Include="IdList.h">
      <Filter>Header Files\FileAndMemoryManagement</Filter>
    </ClInclude>
    <ClInclude Include="WPosition.h">
      <Filter>Header Files\World Side</Filter>
    </ClInclude>
    <ClInclude Include="ttfParser.h">
      <Filter>Header Files\font</Filter>
    </ClInclude>
    <ClInclude Include="TextRendering.h">
      <Filter>Header Files\font</Filter>
    </ClInclude>
    <ClInclude Include="ChiliSound.h">
      <Filter>Header Files\ChiliFramework</Filter>
    </ClInclude>
    <ClInclude Include="SoundSystem.h">
      <Filter>Header Files</Filter>
    </ClInclude>
    <ClInclude Include="Texture.h">
      <Filter>Header Files\ChiliFramework</Filter>
    </ClInclude>
    <ClInclude Include="Sprite.h">
      <Filter>Header Files\VisualSide</Filter>
    </ClInclude>
    <ClInclude Include="Motion.h">
      <Filter>Header Files\Motion</Filter>
    </ClInclude>
    <ClInclude Include="MotionSystem.h">
      <Filter>Header Files\Motion</Filter>
    </ClInclude>
    <ClInclude Include="Reference.h">
      <Filter>Header Files\Motion</Filter>
    </ClInclude>
    <ClInclude Include="MemoryManager.h">
      <Filter>Header Files\FileAndMemoryManagement</Filter>
    </ClInclude>
    <ClInclude Include="ConvertionTool.h">
      <Filter>Header Files\VillarMath</Filter>
    </ClInclude>
    <ClInclude Include="PixelFont.h">
      <Filter>Header Files\VisualSide</Filter>
    </ClInclude>
    <ClInclude Include="Fonta.h">
      <Filter>Header Files\ChiliFramework</Filter>
    </ClInclude>
  </ItemGroup>
  <ItemGroup>
    <ClCompile Include="CombatSystem.cpp">
      <Filter>Source Files\WorldSide</Filter>
    </ClCompile>
    <ClCompile Include="PhysicSystem.cpp">
      <Filter>Source Files\WorldSide</Filter>
    </ClCompile>
    <ClCompile Include="Transformation.cpp">
      <Filter>Source Files\WorldSide</Filter>
    </ClCompile>
    <ClCompile Include="Unit.cpp">
      <Filter>Source Files\WorldSide</Filter>
    </ClCompile>
    <ClCompile Include="World.cpp">
      <Filter>Source Files\WorldSide</Filter>
    </ClCompile>
    <ClCompile Include="Command.cpp">
      <Filter>Source Files\WorldSide</Filter>
    </ClCompile>
    <ClCompile Include="Control.cpp">
      <Filter>Source Files\WorldSide</Filter>
    </ClCompile>
    <ClCompile Include="RigidBody.cpp">
      <Filter>Source Files\WorldSide</Filter>
    </ClCompile>
    <ClCompile Include="UnitToBodyAttachment.cpp">
      <Filter>Source Files\WorldSide</Filter>
    </ClCompile>
    <ClCompile Include="Effect.cpp">
      <Filter>Source Files\WorldSide</Filter>
    </ClCompile>
    <ClCompile Include="Form.cpp">
      <Filter>Source Files\WorldSide</Filter>
    </ClCompile>
    <ClCompile Include="COMInitializer.cpp">
      <Filter>Source Files\ChiliFramework</Filter>
    </ClCompile>
    <ClCompile Include="DXErr.cpp">
      <Filter>Source Files\ChiliFramework</Filter>
    </ClCompile>
    <ClCompile Include="Font.cpp">
      <Filter>Source Files\ChiliFramework</Filter>
    </ClCompile>
    <ClCompile Include="FrameTimer.cpp">
      <Filter>Source Files\ChiliFramework</Filter>
    </ClCompile>
    <ClCompile Include="Game.cpp">
      <Filter>Source Files\ChiliFramework</Filter>
    </ClCompile>
    <ClCompile Include="Graphics.cpp">
      <Filter>Source Files\ChiliFramework</Filter>
    </ClCompile>
    <ClCompile Include="Keyboard.cpp">
      <Filter>Source Files\ChiliFramework</Filter>
    </ClCompile>
    <ClCompile Include="List.cpp">
      <Filter>Source Files\ChiliFramework</Filter>
    </ClCompile>
    <ClCompile Include="Main.cpp">
      <Filter>Source Files\ChiliFramework</Filter>
    </ClCompile>
    <ClCompile Include="MainWindow.cpp">
      <Filter>Source Files\ChiliFramework</Filter>
    </ClCompile>
    <ClCompile Include="Mouse.cpp">
      <Filter>Source Files\ChiliFramework</Filter>
    </ClCompile>
    <ClCompile Include="RectI.cpp">
      <Filter>Source Files\ChiliFramework</Filter>
    </ClCompile>
    <ClCompile Include="Material.cpp">
      <Filter>Source Files\WorldSide</Filter>
    </ClCompile>
    <ClCompile Include="Vei2.cpp">
      <Filter>Source Files\VillarMath</Filter>
    </ClCompile>
    <ClCompile Include="Vec2.cpp">
      <Filter>Source Files\VillarMath</Filter>
    </ClCompile>
    <ClCompile Include="FileManagement.cpp">
      <Filter>Source Files\FileManagement</Filter>
    </ClCompile>
    <ClCompile Include="FileStream.cpp">
      <Filter>Source Files\FileManagement</Filter>
    </ClCompile>
    <ClCompile Include="Camera.cpp">
      <Filter>Source Files\WorldSide</Filter>
    </ClCompile>
    <ClCompile Include="WPosition.cpp">
      <Filter>Source Files\WorldSide</Filter>
    </ClCompile>
    <ClCompile Include="font_test.cpp">
      <Filter>Header Files\font</Filter>
    </ClCompile>
    <ClCompile Include="ChiliSound.cpp">
      <Filter>Source Files\ChiliFramework</Filter>
    </ClCompile>
    <ClCompile Include="Texture.cpp">
      <Filter>Source Files\ChiliFramework</Filter>
    </ClCompile>
    <ClCompile Include="DrawSystem.cpp">
      <Filter>Source Files\Visuals</Filter>
    </ClCompile>
    <ClCompile Include="Sprite.cpp">
      <Filter>Source Files\Visuals</Filter>
    </ClCompile>
    <ClCompile Include="TextRendering.cpp">
      <Filter>Source Files\Visuals</Filter>
    </ClCompile>
    <ClCompile Include="UIElement.cpp">
      <Filter>Source Files\Visuals</Filter>
    </ClCompile>
    <ClCompile Include="MemoryManager.cpp">
      <Filter>Source Files\FileManagement</Filter>
    </ClCompile>
    <ClCompile Include="MotionSystem.cpp">
      <Filter>Source Files\VillarMath</Filter>
    </ClCompile>
    <ClCompile Include="PixelFont.cpp">
      <Filter>Source Files</Filter>
    </ClCompile>
    <ClCompile Include="ConvertionTool.cpp">
      <Filter>Source Files</Filter>
    </ClCompile>
  </ItemGroup>
  <ItemGroup>
    <FxCompile Include="FramebufferPS.hlsl">
      <Filter>Shaders</Filter>
    </FxCompile>
    <FxCompile Include="FramebufferVS.hlsl">
      <Filter>Shaders</Filter>
    </FxCompile>
  </ItemGroup>
  <ItemGroup>
    <ResourceCompile Include="Resource.rc">
      <Filter>Resource Files</Filter>
    </ResourceCompile>
  </ItemGroup>
  <ItemGroup>
    <Image Include="Chili.ico">
      <Filter>Resource Files</Filter>
    </Image>
  </ItemGroup>
  <ItemGroup>
    <Text Include="GOALS.txt">
      <Filter>About the Project</Filter>
    </Text>
    <Text Include="Files.txt">
      <Filter>About the Project\ThoughsAbout</Filter>
    </Text>
    <Text Include="ChunksDivisions.txt">
      <Filter>About the Project\ThoughsAbout</Filter>
    </Text>
  </ItemGroup>
</Project>